
Microsoft Visual Studio Solution File, Format Version 12.00
# Visual Studio 2012
Project("{FAE04EC0-301F-11D3-BF4B-00C04F79EFBC}") = "UI_Part1", "UI_Part1\UI_Part1.csproj", "{EFF1B156-C532-4A7D-A5FC-79129AA83943}"
EndProject
Global
	GlobalSection(SolutionConfigurationPlatforms) = preSolution
		Debug|Any CPU = Debug|Any CPU
		Release|Any CPU = Release|Any CPU
	EndGlobalSection
	GlobalSection(ProjectConfigurationPlatforms) = postSolution
		{EFF1B156-C532-4A7D-A5FC-79129AA83943}.Debug|Any CPU.ActiveCfg = Debug|Any CPU
		{EFF1B156-C532-4A7D-A5FC-79129AA83943}.Debug|Any CPU.Build.0 = Debug|Any CPU
		{EFF1B156-C532-4A7D-A5FC-79129AA83943}.Release|Any CPU.ActiveCfg = Release|Any CPU
		{EFF1B156-C532-4A7D-A5FC-79129AA83943}.Release|Any CPU.Build.0 = Release|Any CPU
	EndGlobalSection
	GlobalSection(SolutionProperties) = preSolution
		HideSolutionNode = FALSE
	EndGlobalSection
EndGlobal
