
Microsoft Visual Studio Solution File, Format Version 12.00
# Visual Studio 2012
Project("{FAE04EC0-301F-11D3-BF4B-00C04F79EFBC}") = "VoiceNotButton", "E:\Giao dien dang sua\VoiceNotButton\VoiceNotButton.csproj", "{D512192A-2DEE-4A91-8F80-69B9FCA31490}"
EndProject
Global
	GlobalSection(SolutionConfigurationPlatforms) = preSolution
		CD_ROM|Any CPU = CD_ROM|Any CPU
		Debug|Any CPU = Debug|Any CPU
		DVD-5|Any CPU = DVD-5|Any CPU
		Release|Any CPU = Release|Any CPU
		SingleImage|Any CPU = SingleImage|Any CPU
	EndGlobalSection
	GlobalSection(ProjectConfigurationPlatforms) = postSolution
		{D512192A-2DEE-4A91-8F80-69B9FCA31490}.CD_ROM|Any CPU.ActiveCfg = Release|Any CPU
		{D512192A-2DEE-4A91-8F80-69B9FCA31490}.CD_ROM|Any CPU.Build.0 = Release|Any CPU
		{D512192A-2DEE-4A91-8F80-69B9FCA31490}.Debug|Any CPU.ActiveCfg = Debug|Any CPU
		{D512192A-2DEE-4A91-8F80-69B9FCA31490}.Debug|Any CPU.Build.0 = Debug|Any CPU
		{D512192A-2DEE-4A91-8F80-69B9FCA31490}.DVD-5|Any CPU.ActiveCfg = Debug|Any CPU
		{D512192A-2DEE-4A91-8F80-69B9FCA31490}.DVD-5|Any CPU.Build.0 = Debug|Any CPU
		{D512192A-2DEE-4A91-8F80-69B9FCA31490}.Release|Any CPU.ActiveCfg = Release|Any CPU
		{D512192A-2DEE-4A91-8F80-69B9FCA31490}.Release|Any CPU.Build.0 = Release|Any CPU
		{D512192A-2DEE-4A91-8F80-69B9FCA31490}.SingleImage|Any CPU.ActiveCfg = Release|Any CPU
		{D512192A-2DEE-4A91-8F80-69B9FCA31490}.SingleImage|Any CPU.Build.0 = Release|Any CPU
	EndGlobalSection
	GlobalSection(SolutionProperties) = preSolution
		HideSolutionNode = FALSE
	EndGlobalSection
EndGlobal
